// !$*UTF8*$!
{
	archiveVersion = 1;
	classes = {
	};
	objectVersion = 51;
	objects = {

/* Begin PBXBuildFile section */
		6186FE6FCA7806F2F2B8308C /* Pods_Instagram.framework in Frameworks */ = {isa = PBXBuildFile; fileRef = 396C587987C31447A561B5ED /* Pods_Instagram.framework */; };
		973E0DE22602C489000B9BC5 /* FormTableViewCell.swift in Sources */ = {isa = PBXBuildFile; fileRef = 973E0DE12602C489000B9BC5 /* FormTableViewCell.swift */; };
		973E0DE82602CE0B000B9BC5 /* PhotoCollectionViewCell.swift in Sources */ = {isa = PBXBuildFile; fileRef = 973E0DE72602CE0B000B9BC5 /* PhotoCollectionViewCell.swift */; };
		973E0DEC2602CE53000B9BC5 /* ProfileInfoHeaderCollectionReusableView.swift in Sources */ = {isa = PBXBuildFile; fileRef = 973E0DEB2602CE53000B9BC5 /* ProfileInfoHeaderCollectionReusableView.swift */; };
		973E0DEF2602CE7F000B9BC5 /* ProfileTabsCollectionReusableView.swift in Sources */ = {isa = PBXBuildFile; fileRef = 973E0DEE2602CE7F000B9BC5 /* ProfileTabsCollectionReusableView.swift */; };
		9791A6F725F76E050088BDAC /* GoogleService-Info.plist in Resources */ = {isa = PBXBuildFile; fileRef = 9791A6F625F76E050088BDAC /* GoogleService-Info.plist */; };
		9791A70025F9666F0088BDAC /* IGFeedPostTableViewCell.swift in Sources */ = {isa = PBXBuildFile; fileRef = 9791A6FF25F9666F0088BDAC /* IGFeedPostTableViewCell.swift */; };
		9791A70425F968AD0088BDAC /* IGFeedPostHeaderTableViewCell.swift in Sources */ = {isa = PBXBuildFile; fileRef = 9791A70325F968AD0088BDAC /* IGFeedPostHeaderTableViewCell.swift */; };
		9791A70725F968CA0088BDAC /* IGFeedPostActionsTableViewCell.swift in Sources */ = {isa = PBXBuildFile; fileRef = 9791A70625F968CA0088BDAC /* IGFeedPostActionsTableViewCell.swift */; };
		9791A70A25F968E60088BDAC /* IGFeedPostGeneralTableViewCell.swift in Sources */ = {isa = PBXBuildFile; fileRef = 9791A70925F968E60088BDAC /* IGFeedPostGeneralTableViewCell.swift */; };
		9791A71025F96AC80088BDAC /* SettingsModels.swift in Sources */ = {isa = PBXBuildFile; fileRef = 9791A70F25F96AC80088BDAC /* SettingsModels.swift */; };
		9791A71325F96ADA0088BDAC /* UserPost.swift in Sources */ = {isa = PBXBuildFile; fileRef = 9791A71225F96ADA0088BDAC /* UserPost.swift */; };
		97BC9E6425F3685C004EDB60 /* AppDelegate.swift in Sources */ = {isa = PBXBuildFile; fileRef = 97BC9E6325F3685C004EDB60 /* AppDelegate.swift */; };
		97BC9E6625F3685C004EDB60 /* SceneDelegate.swift in Sources */ = {isa = PBXBuildFile; fileRef = 97BC9E6525F3685C004EDB60 /* SceneDelegate.swift */; };
		97BC9E6825F3685C004EDB60 /* HomeViewController.swift in Sources */ = {isa = PBXBuildFile; fileRef = 97BC9E6725F3685C004EDB60 /* HomeViewController.swift */; };
		97BC9E6B25F3685C004EDB60 /* Main.storyboard in Resources */ = {isa = PBXBuildFile; fileRef = 97BC9E6925F3685C004EDB60 /* Main.storyboard */; };
		97BC9E6D25F3685D004EDB60 /* Assets.xcassets in Resources */ = {isa = PBXBuildFile; fileRef = 97BC9E6C25F3685D004EDB60 /* Assets.xcassets */; };
		97BC9E7025F3685D004EDB60 /* LaunchScreen.storyboard in Resources */ = {isa = PBXBuildFile; fileRef = 97BC9E6E25F3685D004EDB60 /* LaunchScreen.storyboard */; };
		97BC9E8725F3695D004EDB60 /* CameraViewController.swift in Sources */ = {isa = PBXBuildFile; fileRef = 97BC9E8625F3695D004EDB60 /* CameraViewController.swift */; };
		97BC9E8B25F3696C004EDB60 /* ExploreViewController.swift in Sources */ = {isa = PBXBuildFile; fileRef = 97BC9E8A25F3696C004EDB60 /* ExploreViewController.swift */; };
		97BC9E8E25F36978004EDB60 /* NotificationsViewController.swift in Sources */ = {isa = PBXBuildFile; fileRef = 97BC9E8D25F36978004EDB60 /* NotificationsViewController.swift */; };
		97BC9E9125F36982004EDB60 /* ProfileViewController.swift in Sources */ = {isa = PBXBuildFile; fileRef = 97BC9E9025F36982004EDB60 /* ProfileViewController.swift */; };
		97BC9E9525F3699C004EDB60 /* PostViewController.swift in Sources */ = {isa = PBXBuildFile; fileRef = 97BC9E9425F3699C004EDB60 /* PostViewController.swift */; };
		97BC9E9925F369A3004EDB60 /* EditProfileViewController.swift in Sources */ = {isa = PBXBuildFile; fileRef = 97BC9E9825F369A3004EDB60 /* EditProfileViewController.swift */; };
		97BC9E9C25F369AA004EDB60 /* SettingsViewController.swift in Sources */ = {isa = PBXBuildFile; fileRef = 97BC9E9B25F369AA004EDB60 /* SettingsViewController.swift */; };
		97BC9E9F25F369B1004EDB60 /* ListViewController.swift in Sources */ = {isa = PBXBuildFile; fileRef = 97BC9E9E25F369B1004EDB60 /* ListViewController.swift */; };
		97BC9EA225F369B7004EDB60 /* SearchViewController.swift in Sources */ = {isa = PBXBuildFile; fileRef = 97BC9EA125F369B7004EDB60 /* SearchViewController.swift */; };
		97BC9EA525F369BD004EDB60 /* PostEditorViewController.swift in Sources */ = {isa = PBXBuildFile; fileRef = 97BC9EA425F369BD004EDB60 /* PostEditorViewController.swift */; };
		97BC9EA825F369C7004EDB60 /* PublishViewController.swift in Sources */ = {isa = PBXBuildFile; fileRef = 97BC9EA725F369C7004EDB60 /* PublishViewController.swift */; };
		97BC9EAB25F369E8004EDB60 /* LoginViewController.swift in Sources */ = {isa = PBXBuildFile; fileRef = 97BC9EAA25F369E8004EDB60 /* LoginViewController.swift */; };
		97BC9EAE25F369F0004EDB60 /* RegistrationViewController.swift in Sources */ = {isa = PBXBuildFile; fileRef = 97BC9EAD25F369F0004EDB60 /* RegistrationViewController.swift */; };
		97BC9EC825F370CD004EDB60 /* DatabaseManager.swift in Sources */ = {isa = PBXBuildFile; fileRef = 97BC9EC725F370CD004EDB60 /* DatabaseManager.swift */; };
		97BC9ECB25F37189004EDB60 /* AuthManager.swift in Sources */ = {isa = PBXBuildFile; fileRef = 97BC9ECA25F37189004EDB60 /* AuthManager.swift */; };
		97BC9ECE25F371CD004EDB60 /* StorageManager.swift in Sources */ = {isa = PBXBuildFile; fileRef = 97BC9ECD25F371CD004EDB60 /* StorageManager.swift */; };
		97BC9EF825F38264004EDB60 /* Extensions.swift in Sources */ = {isa = PBXBuildFile; fileRef = 97BC9EF725F38264004EDB60 /* Extensions.swift */; };
/* End PBXBuildFile section */

/* Begin PBXFileReference section */
		396C587987C31447A561B5ED /* Pods_Instagram.framework */ = {isa = PBXFileReference; explicitFileType = wrapper.framework; includeInIndex = 0; path = Pods_Instagram.framework; sourceTree = BUILT_PRODUCTS_DIR; };
		7184A268C74E2415731512B7 /* Pods-Instagram.debug.xcconfig */ = {isa = PBXFileReference; includeInIndex = 1; lastKnownFileType = text.xcconfig; name = "Pods-Instagram.debug.xcconfig"; path = "Target Support Files/Pods-Instagram/Pods-Instagram.debug.xcconfig"; sourceTree = "<group>"; };
		964EFC6FC33D0938E81B49CD /* Pods-Instagram.release.xcconfig */ = {isa = PBXFileReference; includeInIndex = 1; lastKnownFileType = text.xcconfig; name = "Pods-Instagram.release.xcconfig"; path = "Target Support Files/Pods-Instagram/Pods-Instagram.release.xcconfig"; sourceTree = "<group>"; };
		973E0DE12602C489000B9BC5 /* FormTableViewCell.swift */ = {isa = PBXFileReference; lastKnownFileType = sourcecode.swift; name = FormTableViewCell.swift; path = Instagram/Views/Cells/FormTableViewCell.swift; sourceTree = SOURCE_ROOT; };
		973E0DE72602CE0B000B9BC5 /* PhotoCollectionViewCell.swift */ = {isa = PBXFileReference; lastKnownFileType = sourcecode.swift; path = PhotoCollectionViewCell.swift; sourceTree = "<group>"; };
		973E0DEB2602CE53000B9BC5 /* ProfileInfoHeaderCollectionReusableView.swift */ = {isa = PBXFileReference; lastKnownFileType = sourcecode.swift; path = ProfileInfoHeaderCollectionReusableView.swift; sourceTree = "<group>"; };
		973E0DEE2602CE7F000B9BC5 /* ProfileTabsCollectionReusableView.swift */ = {isa = PBXFileReference; lastKnownFileType = sourcecode.swift; path = ProfileTabsCollectionReusableView.swift; sourceTree = "<group>"; };
		9791A6F625F76E050088BDAC /* GoogleService-Info.plist */ = {isa = PBXFileReference; fileEncoding = 4; lastKnownFileType = text.plist.xml; path = "GoogleService-Info.plist"; sourceTree = "<group>"; };
		9791A6FF25F9666F0088BDAC /* IGFeedPostTableViewCell.swift */ = {isa = PBXFileReference; lastKnownFileType = sourcecode.swift; path = IGFeedPostTableViewCell.swift; sourceTree = "<group>"; };
		9791A70325F968AD0088BDAC /* IGFeedPostHeaderTableViewCell.swift */ = {isa = PBXFileReference; lastKnownFileType = sourcecode.swift; path = IGFeedPostHeaderTableViewCell.swift; sourceTree = "<group>"; };
		9791A70625F968CA0088BDAC /* IGFeedPostActionsTableViewCell.swift */ = {isa = PBXFileReference; lastKnownFileType = sourcecode.swift; path = IGFeedPostActionsTableViewCell.swift; sourceTree = "<group>"; };
		9791A70925F968E60088BDAC /* IGFeedPostGeneralTableViewCell.swift */ = {isa = PBXFileReference; lastKnownFileType = sourcecode.swift; path = IGFeedPostGeneralTableViewCell.swift; sourceTree = "<group>"; };
		9791A70F25F96AC80088BDAC /* SettingsModels.swift */ = {isa = PBXFileReference; lastKnownFileType = sourcecode.swift; path = SettingsModels.swift; sourceTree = "<group>"; };
		9791A71225F96ADA0088BDAC /* UserPost.swift */ = {isa = PBXFileReference; lastKnownFileType = sourcecode.swift; path = UserPost.swift; sourceTree = "<group>"; };
		97BC9E6025F3685C004EDB60 /* Instagram.app */ = {isa = PBXFileReference; explicitFileType = wrapper.application; includeInIndex = 0; path = Instagram.app; sourceTree = BUILT_PRODUCTS_DIR; };
		97BC9E6325F3685C004EDB60 /* AppDelegate.swift */ = {isa = PBXFileReference; lastKnownFileType = sourcecode.swift; path = AppDelegate.swift; sourceTree = "<group>"; };
		97BC9E6525F3685C004EDB60 /* SceneDelegate.swift */ = {isa = PBXFileReference; lastKnownFileType = sourcecode.swift; path = SceneDelegate.swift; sourceTree = "<group>"; };
		97BC9E6725F3685C004EDB60 /* HomeViewController.swift */ = {isa = PBXFileReference; lastKnownFileType = sourcecode.swift; path = HomeViewController.swift; sourceTree = "<group>"; };
		97BC9E6A25F3685C004EDB60 /* Base */ = {isa = PBXFileReference; lastKnownFileType = file.storyboard; name = Base; path = Base.lproj/Main.storyboard; sourceTree = "<group>"; };
		97BC9E6C25F3685D004EDB60 /* Assets.xcassets */ = {isa = PBXFileReference; lastKnownFileType = folder.assetcatalog; path = Assets.xcassets; sourceTree = "<group>"; };
		97BC9E6F25F3685D004EDB60 /* Base */ = {isa = PBXFileReference; lastKnownFileType = file.storyboard; name = Base; path = Base.lproj/LaunchScreen.storyboard; sourceTree = "<group>"; };
		97BC9E7125F3685D004EDB60 /* Info.plist */ = {isa = PBXFileReference; lastKnownFileType = text.plist.xml; path = Info.plist; sourceTree = "<group>"; };
		97BC9E8625F3695D004EDB60 /* CameraViewController.swift */ = {isa = PBXFileReference; lastKnownFileType = sourcecode.swift; path = CameraViewController.swift; sourceTree = "<group>"; };
		97BC9E8A25F3696C004EDB60 /* ExploreViewController.swift */ = {isa = PBXFileReference; lastKnownFileType = sourcecode.swift; path = ExploreViewController.swift; sourceTree = "<group>"; };
		97BC9E8D25F36978004EDB60 /* NotificationsViewController.swift */ = {isa = PBXFileReference; lastKnownFileType = sourcecode.swift; path = NotificationsViewController.swift; sourceTree = "<group>"; };
		97BC9E9025F36982004EDB60 /* ProfileViewController.swift */ = {isa = PBXFileReference; lastKnownFileType = sourcecode.swift; path = ProfileViewController.swift; sourceTree = "<group>"; };
		97BC9E9425F3699C004EDB60 /* PostViewController.swift */ = {isa = PBXFileReference; lastKnownFileType = sourcecode.swift; path = PostViewController.swift; sourceTree = "<group>"; };
		97BC9E9825F369A3004EDB60 /* EditProfileViewController.swift */ = {isa = PBXFileReference; lastKnownFileType = sourcecode.swift; path = EditProfileViewController.swift; sourceTree = "<group>"; };
		97BC9E9B25F369AA004EDB60 /* SettingsViewController.swift */ = {isa = PBXFileReference; lastKnownFileType = sourcecode.swift; path = SettingsViewController.swift; sourceTree = "<group>"; };
		97BC9E9E25F369B1004EDB60 /* ListViewController.swift */ = {isa = PBXFileReference; lastKnownFileType = sourcecode.swift; path = ListViewController.swift; sourceTree = "<group>"; };
		97BC9EA125F369B7004EDB60 /* SearchViewController.swift */ = {isa = PBXFileReference; lastKnownFileType = sourcecode.swift; path = SearchViewController.swift; sourceTree = "<group>"; };
		97BC9EA425F369BD004EDB60 /* PostEditorViewController.swift */ = {isa = PBXFileReference; lastKnownFileType = sourcecode.swift; path = PostEditorViewController.swift; sourceTree = "<group>"; };
		97BC9EA725F369C7004EDB60 /* PublishViewController.swift */ = {isa = PBXFileReference; lastKnownFileType = sourcecode.swift; path = PublishViewController.swift; sourceTree = "<group>"; };
		97BC9EAA25F369E8004EDB60 /* LoginViewController.swift */ = {isa = PBXFileReference; lastKnownFileType = sourcecode.swift; path = LoginViewController.swift; sourceTree = "<group>"; };
		97BC9EAD25F369F0004EDB60 /* RegistrationViewController.swift */ = {isa = PBXFileReference; lastKnownFileType = sourcecode.swift; path = RegistrationViewController.swift; sourceTree = "<group>"; };
		97BC9EC725F370CD004EDB60 /* DatabaseManager.swift */ = {isa = PBXFileReference; lastKnownFileType = sourcecode.swift; path = DatabaseManager.swift; sourceTree = "<group>"; };
		97BC9ECA25F37189004EDB60 /* AuthManager.swift */ = {isa = PBXFileReference; lastKnownFileType = sourcecode.swift; path = AuthManager.swift; sourceTree = "<group>"; };
		97BC9ECD25F371CD004EDB60 /* StorageManager.swift */ = {isa = PBXFileReference; lastKnownFileType = sourcecode.swift; path = StorageManager.swift; sourceTree = "<group>"; };
		97BC9EF725F38264004EDB60 /* Extensions.swift */ = {isa = PBXFileReference; lastKnownFileType = sourcecode.swift; path = Extensions.swift; sourceTree = "<group>"; };
/* End PBXFileReference section */

/* Begin PBXFrameworksBuildPhase section */
		97BC9E5D25F3685C004EDB60 /* Frameworks */ = {
			isa = PBXFrameworksBuildPhase;
			buildActionMask = 2147483647;
			files = (
				6186FE6FCA7806F2F2B8308C /* Pods_Instagram.framework in Frameworks */,
			);
			runOnlyForDeploymentPostprocessing = 0;
		};
/* End PBXFrameworksBuildPhase section */

/* Begin PBXGroup section */
		1A4869B6EC7B9909308315AB /* Frameworks */ = {
			isa = PBXGroup;
			children = (
				396C587987C31447A561B5ED /* Pods_Instagram.framework */,
			);
			name = Frameworks;
			sourceTree = "<group>";
		};
		8D09090BC3AA128E0747AB1E /* Pods */ = {
			isa = PBXGroup;
			children = (
				7184A268C74E2415731512B7 /* Pods-Instagram.debug.xcconfig */,
				964EFC6FC33D0938E81B49CD /* Pods-Instagram.release.xcconfig */,
			);
			path = Pods;
			sourceTree = "<group>";
		};
		973E0DE52602CDC8000B9BC5 /* CollectionView Headers */ = {
			isa = PBXGroup;
			children = (
				973E0DEB2602CE53000B9BC5 /* ProfileInfoHeaderCollectionReusableView.swift */,
				973E0DEE2602CE7F000B9BC5 /* ProfileTabsCollectionReusableView.swift */,
			);
			path = "CollectionView Headers";
			sourceTree = "<group>";
		};
		973E0DE62602CDE2000B9BC5 /* Home Feed */ = {
			isa = PBXGroup;
			children = (
				9791A6FF25F9666F0088BDAC /* IGFeedPostTableViewCell.swift */,
				9791A70325F968AD0088BDAC /* IGFeedPostHeaderTableViewCell.swift */,
				9791A70625F968CA0088BDAC /* IGFeedPostActionsTableViewCell.swift */,
				9791A70925F968E60088BDAC /* IGFeedPostGeneralTableViewCell.swift */,
			);
			path = "Home Feed";
			sourceTree = "<group>";
		};
		9791A6FE25F9664F0088BDAC /* Cells */ = {
			isa = PBXGroup;
			children = (
				973E0DE62602CDE2000B9BC5 /* Home Feed */,
				973E0DE12602C489000B9BC5 /* FormTableViewCell.swift */,
				973E0DE72602CE0B000B9BC5 /* PhotoCollectionViewCell.swift */,
			);
			path = Cells;
			sourceTree = "<group>";
		};
		97BC9E5725F3685C004EDB60 = {
			isa = PBXGroup;
			children = (
				97BC9E6225F3685C004EDB60 /* Instagram */,
				97BC9E6125F3685C004EDB60 /* Products */,
				8D09090BC3AA128E0747AB1E /* Pods */,
				1A4869B6EC7B9909308315AB /* Frameworks */,
			);
			sourceTree = "<group>";
		};
		97BC9E6125F3685C004EDB60 /* Products */ = {
			isa = PBXGroup;
			children = (
				97BC9E6025F3685C004EDB60 /* Instagram.app */,
			);
			name = Products;
			sourceTree = "<group>";
		};
		97BC9E6225F3685C004EDB60 /* Instagram */ = {
			isa = PBXGroup;
			children = (
				9791A6F625F76E050088BDAC /* GoogleService-Info.plist */,
				97BC9F3625F43D75004EDB60 /* Managers */,
				97BC9E7B25F36873004EDB60 /* Recourses */,
				97BC9E7925F3686F004EDB60 /* Models */,
				97BC9E7825F3686A004EDB60 /* Controllers */,
				97BC9E7A25F36871004EDB60 /* Views */,
				97BC9E7125F3685D004EDB60 /* Info.plist */,
			);
			path = Instagram;
			sourceTree = "<group>";
		};
		97BC9E7825F3686A004EDB60 /* Controllers */ = {
			isa = PBXGroup;
			children = (
				97BC9E7F25F368BA004EDB60 /* Other */,
				97BC9E7E25F368AE004EDB60 /* Core */,
			);
			path = Controllers;
			sourceTree = "<group>";
		};
		97BC9E7925F3686F004EDB60 /* Models */ = {
			isa = PBXGroup;
			children = (
				9791A70F25F96AC80088BDAC /* SettingsModels.swift */,
				9791A71225F96ADA0088BDAC /* UserPost.swift */,
			);
			path = Models;
			sourceTree = "<group>";
		};
		97BC9E7A25F36871004EDB60 /* Views */ = {
			isa = PBXGroup;
			children = (
				973E0DE52602CDC8000B9BC5 /* CollectionView Headers */,
				9791A6FE25F9664F0088BDAC /* Cells */,
				97BC9E6925F3685C004EDB60 /* Main.storyboard */,
				97BC9E6E25F3685D004EDB60 /* LaunchScreen.storyboard */,
			);
			path = Views;
			sourceTree = "<group>";
		};
		97BC9E7B25F36873004EDB60 /* Recourses */ = {
			isa = PBXGroup;
			children = (
				97BC9E6325F3685C004EDB60 /* AppDelegate.swift */,
				97BC9E6525F3685C004EDB60 /* SceneDelegate.swift */,
				97BC9E6C25F3685D004EDB60 /* Assets.xcassets */,
				97BC9EF725F38264004EDB60 /* Extensions.swift */,
			);
			path = Recourses;
			sourceTree = "<group>";
		};
		97BC9E7E25F368AE004EDB60 /* Core */ = {
			isa = PBXGroup;
			children = (
				97BC9E6725F3685C004EDB60 /* HomeViewController.swift */,
				97BC9E8A25F3696C004EDB60 /* ExploreViewController.swift */,
				97BC9E8625F3695D004EDB60 /* CameraViewController.swift */,
				97BC9E8D25F36978004EDB60 /* NotificationsViewController.swift */,
				97BC9E9025F36982004EDB60 /* ProfileViewController.swift */,
			);
			path = Core;
			sourceTree = "<group>";
		};
		97BC9E7F25F368BA004EDB60 /* Other */ = {
			isa = PBXGroup;
			children = (
				97BC9E8125F368C7004EDB60 /* General */,
				97BC9E8025F368C1004EDB60 /* Onboarding */,
			);
			path = Other;
			sourceTree = "<group>";
		};
		97BC9E8025F368C1004EDB60 /* Onboarding */ = {
			isa = PBXGroup;
			children = (
				97BC9EAA25F369E8004EDB60 /* LoginViewController.swift */,
				97BC9EAD25F369F0004EDB60 /* RegistrationViewController.swift */,
			);
			path = Onboarding;
			sourceTree = "<group>";
		};
		97BC9E8125F368C7004EDB60 /* General */ = {
			isa = PBXGroup;
			children = (
				97BC9E9425F3699C004EDB60 /* PostViewController.swift */,
				97BC9E9825F369A3004EDB60 /* EditProfileViewController.swift */,
				97BC9E9B25F369AA004EDB60 /* SettingsViewController.swift */,
				97BC9E9E25F369B1004EDB60 /* ListViewController.swift */,
				97BC9EA125F369B7004EDB60 /* SearchViewController.swift */,
				97BC9EA425F369BD004EDB60 /* PostEditorViewController.swift */,
				97BC9EA725F369C7004EDB60 /* PublishViewController.swift */,
			);
			path = General;
			sourceTree = "<group>";
		};
		97BC9F3625F43D75004EDB60 /* Managers */ = {
			isa = PBXGroup;
			children = (
				97BC9EC725F370CD004EDB60 /* DatabaseManager.swift */,
				97BC9ECA25F37189004EDB60 /* AuthManager.swift */,
				97BC9ECD25F371CD004EDB60 /* StorageManager.swift */,
			);
			path = Managers;
			sourceTree = "<group>";
		};
/* End PBXGroup section */

/* Begin PBXNativeTarget section */
		97BC9E5F25F3685C004EDB60 /* Instagram */ = {
			isa = PBXNativeTarget;
			buildConfigurationList = 97BC9E7425F3685D004EDB60 /* Build configuration list for PBXNativeTarget "Instagram" */;
			buildPhases = (
				3DC324EC47A29199B0C16C0B /* [CP] Check Pods Manifest.lock */,
				97BC9E5C25F3685C004EDB60 /* Sources */,
				97BC9E5D25F3685C004EDB60 /* Frameworks */,
				97BC9E5E25F3685C004EDB60 /* Resources */,
				56E188EA75077F06B281CF49 /* [CP] Embed Pods Frameworks */,
			);
			buildRules = (
			);
			dependencies = (
			);
			name = Instagram;
			productName = Instagram;
			productReference = 97BC9E6025F3685C004EDB60 /* Instagram.app */;
			productType = "com.apple.product-type.application";
		};
/* End PBXNativeTarget section */

/* Begin PBXProject section */
		97BC9E5825F3685C004EDB60 /* Project object */ = {
			isa = PBXProject;
			attributes = {
				LastSwiftUpdateCheck = 1240;
				LastUpgradeCheck = 1240;
				TargetAttributes = {
					97BC9E5F25F3685C004EDB60 = {
						CreatedOnToolsVersion = 12.4;
					};
				};
			};
			buildConfigurationList = 97BC9E5B25F3685C004EDB60 /* Build configuration list for PBXProject "Instagram" */;
			compatibilityVersion = "Xcode 9.3";
			developmentRegion = en;
			hasScannedForEncodings = 0;
			knownRegions = (
				en,
				Base,
			);
			mainGroup = 97BC9E5725F3685C004EDB60;
			productRefGroup = 97BC9E6125F3685C004EDB60 /* Products */;
			projectDirPath = "";
			projectRoot = "";
			targets = (
				97BC9E5F25F3685C004EDB60 /* Instagram */,
			);
		};
/* End PBXProject section */

/* Begin PBXResourcesBuildPhase section */
		97BC9E5E25F3685C004EDB60 /* Resources */ = {
			isa = PBXResourcesBuildPhase;
			buildActionMask = 2147483647;
			files = (
				97BC9E7025F3685D004EDB60 /* LaunchScreen.storyboard in Resources */,
				9791A6F725F76E050088BDAC /* GoogleService-Info.plist in Resources */,
				97BC9E6D25F3685D004EDB60 /* Assets.xcassets in Resources */,
				97BC9E6B25F3685C004EDB60 /* Main.storyboard in Resources */,
			);
			runOnlyForDeploymentPostprocessing = 0;
		};
/* End PBXResourcesBuildPhase section */

/* Begin PBXShellScriptBuildPhase section */
		3DC324EC47A29199B0C16C0B /* [CP] Check Pods Manifest.lock */ = {
			isa = PBXShellScriptBuildPhase;
			buildActionMask = 2147483647;
			files = (
			);
			inputFileListPaths = (
			);
			inputPaths = (
				"${PODS_PODFILE_DIR_PATH}/Podfile.lock",
				"${PODS_ROOT}/Manifest.lock",
			);
			name = "[CP] Check Pods Manifest.lock";
			outputFileListPaths = (
			);
			outputPaths = (
				"$(DERIVED_FILE_DIR)/Pods-Instagram-checkManifestLockResult.txt",
			);
			runOnlyForDeploymentPostprocessing = 0;
			shellPath = /bin/sh;
			shellScript = "diff \"${PODS_PODFILE_DIR_PATH}/Podfile.lock\" \"${PODS_ROOT}/Manifest.lock\" > /dev/null\nif [ $? != 0 ] ; then\n    # print error to STDERR\n    echo \"error: The sandbox is not in sync with the Podfile.lock. Run 'pod install' or update your CocoaPods installation.\" >&2\n    exit 1\nfi\n# This output is used by Xcode 'outputs' to avoid re-running this script phase.\necho \"SUCCESS\" > \"${SCRIPT_OUTPUT_FILE_0}\"\n";
			showEnvVarsInLog = 0;
		};
		56E188EA75077F06B281CF49 /* [CP] Embed Pods Frameworks */ = {
			isa = PBXShellScriptBuildPhase;
			buildActionMask = 2147483647;
			files = (
			);
			inputFileListPaths = (
				"${PODS_ROOT}/Target Support Files/Pods-Instagram/Pods-Instagram-frameworks-${CONFIGURATION}-input-files.xcfilelist",
			);
			name = "[CP] Embed Pods Frameworks";
			outputFileListPaths = (
				"${PODS_ROOT}/Target Support Files/Pods-Instagram/Pods-Instagram-frameworks-${CONFIGURATION}-output-files.xcfilelist",
			);
			runOnlyForDeploymentPostprocessing = 0;
			shellPath = /bin/sh;
			shellScript = "\"${PODS_ROOT}/Target Support Files/Pods-Instagram/Pods-Instagram-frameworks.sh\"\n";
			showEnvVarsInLog = 0;
		};
/* End PBXShellScriptBuildPhase section */

/* Begin PBXSourcesBuildPhase section */
		97BC9E5C25F3685C004EDB60 /* Sources */ = {
			isa = PBXSourcesBuildPhase;
			buildActionMask = 2147483647;
			files = (
				9791A71325F96ADA0088BDAC /* UserPost.swift in Sources */,
				9791A70425F968AD0088BDAC /* IGFeedPostHeaderTableViewCell.swift in Sources */,
				9791A70725F968CA0088BDAC /* IGFeedPostActionsTableViewCell.swift in Sources */,
				9791A71025F96AC80088BDAC /* SettingsModels.swift in Sources */,
				9791A70A25F968E60088BDAC /* IGFeedPostGeneralTableViewCell.swift in Sources */,
				97BC9E8725F3695D004EDB60 /* CameraViewController.swift in Sources */,
				97BC9ECB25F37189004EDB60 /* AuthManager.swift in Sources */,
				97BC9EA525F369BD004EDB60 /* PostEditorViewController.swift in Sources */,
				97BC9E6825F3685C004EDB60 /* HomeViewController.swift in Sources */,
				97BC9EAB25F369E8004EDB60 /* LoginViewController.swift in Sources */,
				973E0DE22602C489000B9BC5 /* FormTableViewCell.swift in Sources */,
				97BC9EC825F370CD004EDB60 /* DatabaseManager.swift in Sources */,
				97BC9E8B25F3696C004EDB60 /* ExploreViewController.swift in Sources */,
				97BC9E9C25F369AA004EDB60 /* SettingsViewController.swift in Sources */,
				97BC9E8E25F36978004EDB60 /* NotificationsViewController.swift in Sources */,
				973E0DEC2602CE53000B9BC5 /* ProfileInfoHeaderCollectionReusableView.swift in Sources */,
				97BC9ECE25F371CD004EDB60 /* StorageManager.swift in Sources */,
				97BC9E9F25F369B1004EDB60 /* ListViewController.swift in Sources */,
				97BC9EA225F369B7004EDB60 /* SearchViewController.swift in Sources */,
				973E0DEF2602CE7F000B9BC5 /* ProfileTabsCollectionReusableView.swift in Sources */,
				97BC9E9125F36982004EDB60 /* ProfileViewController.swift in Sources */,
				97BC9EAE25F369F0004EDB60 /* RegistrationViewController.swift in Sources */,
				97BC9E6425F3685C004EDB60 /* AppDelegate.swift in Sources */,
				9791A70025F9666F0088BDAC /* IGFeedPostTableViewCell.swift in Sources */,
				97BC9EF825F38264004EDB60 /* Extensions.swift in Sources */,
				97BC9E6625F3685C004EDB60 /* SceneDelegate.swift in Sources */,
				97BC9E9525F3699C004EDB60 /* PostViewController.swift in Sources */,
				973E0DE82602CE0B000B9BC5 /* PhotoCollectionViewCell.swift in Sources */,
				97BC9EA825F369C7004EDB60 /* PublishViewController.swift in Sources */,
				97BC9E9925F369A3004EDB60 /* EditProfileViewController.swift in Sources */,
			);
			runOnlyForDeploymentPostprocessing = 0;
		};
/* End PBXSourcesBuildPhase section */

/* Begin PBXVariantGroup section */
		97BC9E6925F3685C004EDB60 /* Main.storyboard */ = {
			isa = PBXVariantGroup;
			children = (
				97BC9E6A25F3685C004EDB60 /* Base */,
			);
			name = Main.storyboard;
			sourceTree = "<group>";
		};
		97BC9E6E25F3685D004EDB60 /* LaunchScreen.storyboard */ = {
			isa = PBXVariantGroup;
			children = (
				97BC9E6F25F3685D004EDB60 /* Base */,
			);
			name = LaunchScreen.storyboard;
			sourceTree = "<group>";
		};
/* End PBXVariantGroup section */

/* Begin XCBuildConfiguration section */
		97BC9E7225F3685D004EDB60 /* Debug */ = {
			isa = XCBuildConfiguration;
			buildSettings = {
				ALWAYS_SEARCH_USER_PATHS = NO;
				CLANG_ANALYZER_NONNULL = YES;
				CLANG_ANALYZER_NUMBER_OBJECT_CONVERSION = YES_AGGRESSIVE;
				CLANG_CXX_LANGUAGE_STANDARD = "gnu++14";
				CLANG_CXX_LIBRARY = "libc++";
				CLANG_ENABLE_MODULES = YES;
				CLANG_ENABLE_OBJC_ARC = YES;
				CLANG_ENABLE_OBJC_WEAK = YES;
				CLANG_WARN_BLOCK_CAPTURE_AUTORELEASING = YES;
				CLANG_WARN_BOOL_CONVERSION = YES;
				CLANG_WARN_COMMA = YES;
				CLANG_WARN_CONSTANT_CONVERSION = YES;
				CLANG_WARN_DEPRECATED_OBJC_IMPLEMENTATIONS = YES;
				CLANG_WARN_DIRECT_OBJC_ISA_USAGE = YES_ERROR;
				CLANG_WARN_DOCUMENTATION_COMMENTS = YES;
				CLANG_WARN_EMPTY_BODY = YES;
				CLANG_WARN_ENUM_CONVERSION = YES;
				CLANG_WARN_INFINITE_RECURSION = YES;
				CLANG_WARN_INT_CONVERSION = YES;
				CLANG_WARN_NON_LITERAL_NULL_CONVERSION = YES;
				CLANG_WARN_OBJC_IMPLICIT_RETAIN_SELF = YES;
				CLANG_WARN_OBJC_LITERAL_CONVERSION = YES;
				CLANG_WARN_OBJC_ROOT_CLASS = YES_ERROR;
				CLANG_WARN_QUOTED_INCLUDE_IN_FRAMEWORK_HEADER = YES;
				CLANG_WARN_RANGE_LOOP_ANALYSIS = YES;
				CLANG_WARN_STRICT_PROTOTYPES = YES;
				CLANG_WARN_SUSPICIOUS_MOVE = YES;
				CLANG_WARN_UNGUARDED_AVAILABILITY = YES_AGGRESSIVE;
				CLANG_WARN_UNREACHABLE_CODE = YES;
				CLANG_WARN__DUPLICATE_METHOD_MATCH = YES;
				COPY_PHASE_STRIP = NO;
				DEBUG_INFORMATION_FORMAT = dwarf;
				ENABLE_STRICT_OBJC_MSGSEND = YES;
				ENABLE_TESTABILITY = YES;
				GCC_C_LANGUAGE_STANDARD = gnu11;
				GCC_DYNAMIC_NO_PIC = NO;
				GCC_NO_COMMON_BLOCKS = YES;
				GCC_OPTIMIZATION_LEVEL = 0;
				GCC_PREPROCESSOR_DEFINITIONS = (
					"DEBUG=1",
					"$(inherited)",
				);
				GCC_WARN_64_TO_32_BIT_CONVERSION = YES;
				GCC_WARN_ABOUT_RETURN_TYPE = YES_ERROR;
				GCC_WARN_UNDECLARED_SELECTOR = YES;
				GCC_WARN_UNINITIALIZED_AUTOS = YES_AGGRESSIVE;
				GCC_WARN_UNUSED_FUNCTION = YES;
				GCC_WARN_UNUSED_VARIABLE = YES;
				IPHONEOS_DEPLOYMENT_TARGET = 14.4;
				MTL_ENABLE_DEBUG_INFO = INCLUDE_SOURCE;
				MTL_FAST_MATH = YES;
				ONLY_ACTIVE_ARCH = YES;
				SDKROOT = iphoneos;
				SWIFT_ACTIVE_COMPILATION_CONDITIONS = DEBUG;
				SWIFT_OPTIMIZATION_LEVEL = "-Onone";
			};
			name = Debug;
		};
		97BC9E7325F3685D004EDB60 /* Release */ = {
			isa = XCBuildConfiguration;
			buildSettings = {
				ALWAYS_SEARCH_USER_PATHS = NO;
				CLANG_ANALYZER_NONNULL = YES;
				CLANG_ANALYZER_NUMBER_OBJECT_CONVERSION = YES_AGGRESSIVE;
				CLANG_CXX_LANGUAGE_STANDARD = "gnu++14";
				CLANG_CXX_LIBRARY = "libc++";
				CLANG_ENABLE_MODULES = YES;
				CLANG_ENABLE_OBJC_ARC = YES;
				CLANG_ENABLE_OBJC_WEAK = YES;
				CLANG_WARN_BLOCK_CAPTURE_AUTORELEASING = YES;
				CLANG_WARN_BOOL_CONVERSION = YES;
				CLANG_WARN_COMMA = YES;
				CLANG_WARN_CONSTANT_CONVERSION = YES;
				CLANG_WARN_DEPRECATED_OBJC_IMPLEMENTATIONS = YES;
				CLANG_WARN_DIRECT_OBJC_ISA_USAGE = YES_ERROR;
				CLANG_WARN_DOCUMENTATION_COMMENTS = YES;
				CLANG_WARN_EMPTY_BODY = YES;
				CLANG_WARN_ENUM_CONVERSION = YES;
				CLANG_WARN_INFINITE_RECURSION = YES;
				CLANG_WARN_INT_CONVERSION = YES;
				CLANG_WARN_NON_LITERAL_NULL_CONVERSION = YES;
				CLANG_WARN_OBJC_IMPLICIT_RETAIN_SELF = YES;
				CLANG_WARN_OBJC_LITERAL_CONVERSION = YES;
				CLANG_WARN_OBJC_ROOT_CLASS = YES_ERROR;
				CLANG_WARN_QUOTED_INCLUDE_IN_FRAMEWORK_HEADER = YES;
				CLANG_WARN_RANGE_LOOP_ANALYSIS = YES;
				CLANG_WARN_STRICT_PROTOTYPES = YES;
				CLANG_WARN_SUSPICIOUS_MOVE = YES;
				CLANG_WARN_UNGUARDED_AVAILABILITY = YES_AGGRESSIVE;
				CLANG_WARN_UNREACHABLE_CODE = YES;
				CLANG_WARN__DUPLICATE_METHOD_MATCH = YES;
				COPY_PHASE_STRIP = NO;
				DEBUG_INFORMATION_FORMAT = "dwarf-with-dsym";
				ENABLE_NS_ASSERTIONS = NO;
				ENABLE_STRICT_OBJC_MSGSEND = YES;
				GCC_C_LANGUAGE_STANDARD = gnu11;
				GCC_NO_COMMON_BLOCKS = YES;
				GCC_WARN_64_TO_32_BIT_CONVERSION = YES;
				GCC_WARN_ABOUT_RETURN_TYPE = YES_ERROR;
				GCC_WARN_UNDECLARED_SELECTOR = YES;
				GCC_WARN_UNINITIALIZED_AUTOS = YES_AGGRESSIVE;
				GCC_WARN_UNUSED_FUNCTION = YES;
				GCC_WARN_UNUSED_VARIABLE = YES;
				IPHONEOS_DEPLOYMENT_TARGET = 14.4;
				MTL_ENABLE_DEBUG_INFO = NO;
				MTL_FAST_MATH = YES;
				SDKROOT = iphoneos;
				SWIFT_COMPILATION_MODE = wholemodule;
				SWIFT_OPTIMIZATION_LEVEL = "-O";
				VALIDATE_PRODUCT = YES;
			};
			name = Release;
		};
		97BC9E7525F3685D004EDB60 /* Debug */ = {
			isa = XCBuildConfiguration;
			baseConfigurationReference = 7184A268C74E2415731512B7 /* Pods-Instagram.debug.xcconfig */;
			buildSettings = {
				ASSETCATALOG_COMPILER_APPICON_NAME = AppIcon;
				ASSETCATALOG_COMPILER_GLOBAL_ACCENT_COLOR_NAME = AccentColor;
				CODE_SIGN_STYLE = Automatic;
				DEVELOPMENT_TEAM = FQ52H34MLU;
				INFOPLIST_FILE = Instagram/Info.plist;
				IPHONEOS_DEPLOYMENT_TARGET = 13.0;
				LD_RUNPATH_SEARCH_PATHS = (
					"$(inherited)",
					"@executable_path/Frameworks",
				);
				PRODUCT_BUNDLE_IDENTIFIER = com.roypark.Instagram;
				PRODUCT_NAME = "$(TARGET_NAME)";
				SWIFT_VERSION = 5.0;
				TARGETED_DEVICE_FAMILY = "1,2";
			};
			name = Debug;
		};
		97BC9E7625F3685D004EDB60 /* Release */ = {
			isa = XCBuildConfiguration;
			baseConfigurationReference = 964EFC6FC33D0938E81B49CD /* Pods-Instagram.release.xcconfig */;
			buildSettings = {
				ASSETCATALOG_COMPILER_APPICON_NAME = AppIcon;
				ASSETCATALOG_COMPILER_GLOBAL_ACCENT_COLOR_NAME = AccentColor;
				CODE_SIGN_STYLE = Automatic;
				DEVELOPMENT_TEAM = FQ52H34MLU;
				INFOPLIST_FILE = Instagram/Info.plist;
				IPHONEOS_DEPLOYMENT_TARGET = 13.0;
				LD_RUNPATH_SEARCH_PATHS = (
					"$(inherited)",
					"@executable_path/Frameworks",
				);
				PRODUCT_BUNDLE_IDENTIFIER = com.roypark.Instagram;
				PRODUCT_NAME = "$(TARGET_NAME)";
				SWIFT_VERSION = 5.0;
				TARGETED_DEVICE_FAMILY = "1,2";
			};
			name = Release;
		};
/* End XCBuildConfiguration section */

/* Begin XCConfigurationList section */
		97BC9E5B25F3685C004EDB60 /* Build configuration list for PBXProject "Instagram" */ = {
			isa = XCConfigurationList;
			buildConfigurations = (
				97BC9E7225F3685D004EDB60 /* Debug */,
				97BC9E7325F3685D004EDB60 /* Release */,
			);
			defaultConfigurationIsVisible = 0;
			defaultConfigurationName = Release;
		};
		97BC9E7425F3685D004EDB60 /* Build configuration list for PBXNativeTarget "Instagram" */ = {
			isa = XCConfigurationList;
			buildConfigurations = (
				97BC9E7525F3685D004EDB60 /* Debug */,
				97BC9E7625F3685D004EDB60 /* Release */,
			);
			defaultConfigurationIsVisible = 0;
			defaultConfigurationName = Release;
		};
/* End XCConfigurationList section */
	};
	rootObject = 97BC9E5825F3685C004EDB60 /* Project object */;
}
